
Microsoft Visual Studio Solution File, Format Version 10.00
# Visual Studio 2008
Project("{FAE04EC0-301F-11D3-BF4B-00C04F79EFBC}") = "libCommon_CSharp", "libCommon_CSharp\libCommon_CSharp.csproj", "{292EFE3C-9818-4AFB-B2DC-1D020E949E0E}"
EndProject
Project("{9344bdbb-3e7f-41fc-a0dd-8665d75ee146}") = "Packages", "Packages.mdproj", "{93AE311E-473E-4018-839C-33AD2D586468}"
EndProject
Global
	GlobalSection(SolutionConfigurationPlatforms) = preSolution
		Debug|Any CPU = Debug|Any CPU
		Release|Any CPU = Release|Any CPU
	EndGlobalSection
	GlobalSection(ProjectConfigurationPlatforms) = postSolution
		{292EFE3C-9818-4AFB-B2DC-1D020E949E0E}.Debug|Any CPU.ActiveCfg = Debug|Any CPU
		{292EFE3C-9818-4AFB-B2DC-1D020E949E0E}.Debug|Any CPU.Build.0 = Debug|Any CPU
		{292EFE3C-9818-4AFB-B2DC-1D020E949E0E}.Release|Any CPU.ActiveCfg = Release|Any CPU
		{292EFE3C-9818-4AFB-B2DC-1D020E949E0E}.Release|Any CPU.Build.0 = Release|Any CPU
		{93AE311E-473E-4018-839C-33AD2D586468}.Debug|Any CPU.ActiveCfg = Debug|Any CPU
		{93AE311E-473E-4018-839C-33AD2D586468}.Release|Any CPU.ActiveCfg = Release|Any CPU
	EndGlobalSection
	GlobalSection(MonoDevelopProperties) = preSolution
		StartupItem = libCommon_CSharp\libCommon_CSharp.csproj
		Policies = $0
		$0.StandardHeader = $1
		$1.Text = 
		$1.inheritsSet = Apache2License
		$0.DotNetNamingPolicy = $2
		$2.DirectoryNamespaceAssociation = None
		$2.ResourceNamePolicy = FileFormatDefault
		$0.TextStylePolicy = $3
		$3.FileWidth = 120
		$3.TabWidth = 4
		$3.inheritsSet = Mono
		$3.inheritsScope = text/plain
		$3.scope = text/plain
	EndGlobalSection
EndGlobal
